
Microsoft Visual Studio Solution File, Format Version 12.00
# Visual Studio 2013
VisualStudioVersion = 12.0.21005.1
MinimumVisualStudioVersion = 10.0.40219.1
Project("{FAE04EC0-301F-11D3-BF4B-00C04F79EFBC}") = "01_MaxSequenceOfEqualElements", "01_MaxSequenceOfEqualElements\01_MaxSequenceOfEqualElements.csproj", "{28070C60-0127-4316-BEFB-155D626A0FF5}"
EndProject
Project("{FAE04EC0-301F-11D3-BF4B-00C04F79EFBC}") = "07_BombNumbers", "07_BombNumbers\07_BombNumbers.csproj", "{B3620F74-D4AD-45A8-A1BB-C2DA359BAB1D}"
EndProject
Project("{FAE04EC0-301F-11D3-BF4B-00C04F79EFBC}") = "06_SumReversedNumbers", "06_SumReversedNumbers\06_SumReversedNumbers.csproj", "{29C1DD9B-6C9B-46BA-91E0-6AF6DD34074B}"
EndProject
Project("{FAE04EC0-301F-11D3-BF4B-00C04F79EFBC}") = "05_ArrayManipulator", "05_ArrayManipulator\05_ArrayManipulator.csproj", "{522DAEAC-E64F-46D2-8E67-D1026A2FADEB}"
EndProject
Project("{FAE04EC0-301F-11D3-BF4B-00C04F79EFBC}") = "04_LongestIncreasingSubsequence", "04_LongestIncreasingSubsequence\04_LongestIncreasingSubsequence.csproj", "{D022C6A3-ADDF-4571-87B3-1A6FE83A3EA5}"
EndProject
Project("{FAE04EC0-301F-11D3-BF4B-00C04F79EFBC}") = "04a_LongestIncreasingSubsequence", "04a_LongestIncreasingSubsequence\04a_LongestIncreasingSubsequence.csproj", "{467788E3-826E-4A6E-9A2A-0A8430383CD6}"
EndProject
Project("{FAE04EC0-301F-11D3-BF4B-00C04F79EFBC}") = "03_SearchForANumber", "03_SearchForANumber\03_SearchForANumber.csproj", "{AF652557-78E8-4E02-A813-2FCBE0ADEE34}"
EndProject
Project("{FAE04EC0-301F-11D3-BF4B-00C04F79EFBC}") = "02_ChangeList", "02_ChangeList\02_ChangeList.csproj", "{F6AF8753-85EF-4C86-9602-F4AC1132AB9B}"
EndProject
Global
	GlobalSection(SolutionConfigurationPlatforms) = preSolution
		Debug|Any CPU = Debug|Any CPU
		Release|Any CPU = Release|Any CPU
	EndGlobalSection
	GlobalSection(ProjectConfigurationPlatforms) = postSolution
		{28070C60-0127-4316-BEFB-155D626A0FF5}.Debug|Any CPU.ActiveCfg = Debug|Any CPU
		{28070C60-0127-4316-BEFB-155D626A0FF5}.Debug|Any CPU.Build.0 = Debug|Any CPU
		{28070C60-0127-4316-BEFB-155D626A0FF5}.Release|Any CPU.ActiveCfg = Release|Any CPU
		{28070C60-0127-4316-BEFB-155D626A0FF5}.Release|Any CPU.Build.0 = Release|Any CPU
		{B3620F74-D4AD-45A8-A1BB-C2DA359BAB1D}.Debug|Any CPU.ActiveCfg = Debug|Any CPU
		{B3620F74-D4AD-45A8-A1BB-C2DA359BAB1D}.Debug|Any CPU.Build.0 = Debug|Any CPU
		{B3620F74-D4AD-45A8-A1BB-C2DA359BAB1D}.Release|Any CPU.ActiveCfg = Release|Any CPU
		{B3620F74-D4AD-45A8-A1BB-C2DA359BAB1D}.Release|Any CPU.Build.0 = Release|Any CPU
		{29C1DD9B-6C9B-46BA-91E0-6AF6DD34074B}.Debug|Any CPU.ActiveCfg = Debug|Any CPU
		{29C1DD9B-6C9B-46BA-91E0-6AF6DD34074B}.Debug|Any CPU.Build.0 = Debug|Any CPU
		{29C1DD9B-6C9B-46BA-91E0-6AF6DD34074B}.Release|Any CPU.ActiveCfg = Release|Any CPU
		{29C1DD9B-6C9B-46BA-91E0-6AF6DD34074B}.Release|Any CPU.Build.0 = Release|Any CPU
		{522DAEAC-E64F-46D2-8E67-D1026A2FADEB}.Debug|Any CPU.ActiveCfg = Debug|Any CPU
		{522DAEAC-E64F-46D2-8E67-D1026A2FADEB}.Debug|Any CPU.Build.0 = Debug|Any CPU
		{522DAEAC-E64F-46D2-8E67-D1026A2FADEB}.Release|Any CPU.ActiveCfg = Release|Any CPU
		{522DAEAC-E64F-46D2-8E67-D1026A2FADEB}.Release|Any CPU.Build.0 = Release|Any CPU
		{D022C6A3-ADDF-4571-87B3-1A6FE83A3EA5}.Debug|Any CPU.ActiveCfg = Debug|Any CPU
		{D022C6A3-ADDF-4571-87B3-1A6FE83A3EA5}.Debug|Any CPU.Build.0 = Debug|Any CPU
		{D022C6A3-ADDF-4571-87B3-1A6FE83A3EA5}.Release|Any CPU.ActiveCfg = Release|Any CPU
		{D022C6A3-ADDF-4571-87B3-1A6FE83A3EA5}.Release|Any CPU.Build.0 = Release|Any CPU
		{467788E3-826E-4A6E-9A2A-0A8430383CD6}.Debug|Any CPU.ActiveCfg = Debug|Any CPU
		{467788E3-826E-4A6E-9A2A-0A8430383CD6}.Debug|Any CPU.Build.0 = Debug|Any CPU
		{467788E3-826E-4A6E-9A2A-0A8430383CD6}.Release|Any CPU.ActiveCfg = Release|Any CPU
		{467788E3-826E-4A6E-9A2A-0A8430383CD6}.Release|Any CPU.Build.0 = Release|Any CPU
		{AF652557-78E8-4E02-A813-2FCBE0ADEE34}.Debug|Any CPU.ActiveCfg = Debug|Any CPU
		{AF652557-78E8-4E02-A813-2FCBE0ADEE34}.Debug|Any CPU.Build.0 = Debug|Any CPU
		{AF652557-78E8-4E02-A813-2FCBE0ADEE34}.Release|Any CPU.ActiveCfg = Release|Any CPU
		{AF652557-78E8-4E02-A813-2FCBE0ADEE34}.Release|Any CPU.Build.0 = Release|Any CPU
		{F6AF8753-85EF-4C86-9602-F4AC1132AB9B}.Debug|Any CPU.ActiveCfg = Debug|Any CPU
		{F6AF8753-85EF-4C86-9602-F4AC1132AB9B}.Debug|Any CPU.Build.0 = Debug|Any CPU
		{F6AF8753-85EF-4C86-9602-F4AC1132AB9B}.Release|Any CPU.ActiveCfg = Release|Any CPU
		{F6AF8753-85EF-4C86-9602-F4AC1132AB9B}.Release|Any CPU.Build.0 = Release|Any CPU
	EndGlobalSection
	GlobalSection(SolutionProperties) = preSolution
		HideSolutionNode = FALSE
	EndGlobalSection
EndGlobal
