
Microsoft Visual Studio Solution File, Format Version 12.00
# Visual Studio 2013
VisualStudioVersion = 12.0.21005.1
MinimumVisualStudioVersion = 10.0.40219.1
Project("{FAE04EC0-301F-11D3-BF4B-00C04F79EFBC}") = "01_Censorship", "01_Censorship\01_Censorship.csproj", "{4D709579-88FB-4999-BA52-4BAC00293CCF}"
EndProject
Project("{FAE04EC0-301F-11D3-BF4B-00C04F79EFBC}") = "02_EmailMe", "02_EmailMe\02_EmailMe.csproj", "{61035662-B74B-4082-B545-C8712887208A}"
EndProject
Project("{FAE04EC0-301F-11D3-BF4B-00C04F79EFBC}") = "03_KarateStrings", "03_KarateStrings\03_KarateStrings.csproj", "{A5606959-ED02-4FF7-A871-B51213A4F38B}"
EndProject
Project("{FAE04EC0-301F-11D3-BF4B-00C04F79EFBC}") = "04_MorseCodeUpgraded", "04_MorseCodeUpgraded\04_MorseCodeUpgraded.csproj", "{43EA15C0-0C37-42DC-84F1-1EC87972D344}"
EndProject
Project("{FAE04EC0-301F-11D3-BF4B-00C04F79EFBC}") = "05_OnlyLetters", "05_OnlyLetters\05_OnlyLetters.csproj", "{995C65B1-126F-4205-8BCA-2007CFC0A295}"
EndProject
Project("{FAE04EC0-301F-11D3-BF4B-00C04F79EFBC}") = "06_EmailStatistics", "06_EmailStatistics\06_EmailStatistics.csproj", "{89158F34-C7EB-410D-AB5D-6CC6A43E50A4}"
EndProject
Project("{FAE04EC0-301F-11D3-BF4B-00C04F79EFBC}") = "07_Hideout", "07_Hideout\07_Hideout.csproj", "{7C5AEAA8-7420-481A-9DBC-1A413398B21E}"
EndProject
Project("{FAE04EC0-301F-11D3-BF4B-00C04F79EFBC}") = "08_Mines", "08_Mines\08_Mines.csproj", "{87F20B67-C091-431A-B638-2E8C28233809}"
EndProject
Project("{FAE04EC0-301F-11D3-BF4B-00C04F79EFBC}") = "08a_Mines", "08a_Mines\08a_Mines.csproj", "{3F595EA0-2F9D-4429-AB9B-AD3B02CC46ED}"
EndProject
Global
	GlobalSection(SolutionConfigurationPlatforms) = preSolution
		Debug|Any CPU = Debug|Any CPU
		Release|Any CPU = Release|Any CPU
	EndGlobalSection
	GlobalSection(ProjectConfigurationPlatforms) = postSolution
		{4D709579-88FB-4999-BA52-4BAC00293CCF}.Debug|Any CPU.ActiveCfg = Debug|Any CPU
		{4D709579-88FB-4999-BA52-4BAC00293CCF}.Debug|Any CPU.Build.0 = Debug|Any CPU
		{4D709579-88FB-4999-BA52-4BAC00293CCF}.Release|Any CPU.ActiveCfg = Release|Any CPU
		{4D709579-88FB-4999-BA52-4BAC00293CCF}.Release|Any CPU.Build.0 = Release|Any CPU
		{61035662-B74B-4082-B545-C8712887208A}.Debug|Any CPU.ActiveCfg = Debug|Any CPU
		{61035662-B74B-4082-B545-C8712887208A}.Debug|Any CPU.Build.0 = Debug|Any CPU
		{61035662-B74B-4082-B545-C8712887208A}.Release|Any CPU.ActiveCfg = Release|Any CPU
		{61035662-B74B-4082-B545-C8712887208A}.Release|Any CPU.Build.0 = Release|Any CPU
		{A5606959-ED02-4FF7-A871-B51213A4F38B}.Debug|Any CPU.ActiveCfg = Debug|Any CPU
		{A5606959-ED02-4FF7-A871-B51213A4F38B}.Debug|Any CPU.Build.0 = Debug|Any CPU
		{A5606959-ED02-4FF7-A871-B51213A4F38B}.Release|Any CPU.ActiveCfg = Release|Any CPU
		{A5606959-ED02-4FF7-A871-B51213A4F38B}.Release|Any CPU.Build.0 = Release|Any CPU
		{43EA15C0-0C37-42DC-84F1-1EC87972D344}.Debug|Any CPU.ActiveCfg = Debug|Any CPU
		{43EA15C0-0C37-42DC-84F1-1EC87972D344}.Debug|Any CPU.Build.0 = Debug|Any CPU
		{43EA15C0-0C37-42DC-84F1-1EC87972D344}.Release|Any CPU.ActiveCfg = Release|Any CPU
		{43EA15C0-0C37-42DC-84F1-1EC87972D344}.Release|Any CPU.Build.0 = Release|Any CPU
		{995C65B1-126F-4205-8BCA-2007CFC0A295}.Debug|Any CPU.ActiveCfg = Debug|Any CPU
		{995C65B1-126F-4205-8BCA-2007CFC0A295}.Debug|Any CPU.Build.0 = Debug|Any CPU
		{995C65B1-126F-4205-8BCA-2007CFC0A295}.Release|Any CPU.ActiveCfg = Release|Any CPU
		{995C65B1-126F-4205-8BCA-2007CFC0A295}.Release|Any CPU.Build.0 = Release|Any CPU
		{89158F34-C7EB-410D-AB5D-6CC6A43E50A4}.Debug|Any CPU.ActiveCfg = Debug|Any CPU
		{89158F34-C7EB-410D-AB5D-6CC6A43E50A4}.Debug|Any CPU.Build.0 = Debug|Any CPU
		{89158F34-C7EB-410D-AB5D-6CC6A43E50A4}.Release|Any CPU.ActiveCfg = Release|Any CPU
		{89158F34-C7EB-410D-AB5D-6CC6A43E50A4}.Release|Any CPU.Build.0 = Release|Any CPU
		{7C5AEAA8-7420-481A-9DBC-1A413398B21E}.Debug|Any CPU.ActiveCfg = Debug|Any CPU
		{7C5AEAA8-7420-481A-9DBC-1A413398B21E}.Debug|Any CPU.Build.0 = Debug|Any CPU
		{7C5AEAA8-7420-481A-9DBC-1A413398B21E}.Release|Any CPU.ActiveCfg = Release|Any CPU
		{7C5AEAA8-7420-481A-9DBC-1A413398B21E}.Release|Any CPU.Build.0 = Release|Any CPU
		{87F20B67-C091-431A-B638-2E8C28233809}.Debug|Any CPU.ActiveCfg = Debug|Any CPU
		{87F20B67-C091-431A-B638-2E8C28233809}.Debug|Any CPU.Build.0 = Debug|Any CPU
		{87F20B67-C091-431A-B638-2E8C28233809}.Release|Any CPU.ActiveCfg = Release|Any CPU
		{87F20B67-C091-431A-B638-2E8C28233809}.Release|Any CPU.Build.0 = Release|Any CPU
		{3F595EA0-2F9D-4429-AB9B-AD3B02CC46ED}.Debug|Any CPU.ActiveCfg = Debug|Any CPU
		{3F595EA0-2F9D-4429-AB9B-AD3B02CC46ED}.Debug|Any CPU.Build.0 = Debug|Any CPU
		{3F595EA0-2F9D-4429-AB9B-AD3B02CC46ED}.Release|Any CPU.ActiveCfg = Release|Any CPU
		{3F595EA0-2F9D-4429-AB9B-AD3B02CC46ED}.Release|Any CPU.Build.0 = Release|Any CPU
	EndGlobalSection
	GlobalSection(SolutionProperties) = preSolution
		HideSolutionNode = FALSE
	EndGlobalSection
EndGlobal
