
Microsoft Visual Studio Solution File, Format Version 12.00
# Visual Studio 2013
VisualStudioVersion = 12.0.21005.1
MinimumVisualStudioVersion = 10.0.40219.1
Project("{FAE04EC0-301F-11D3-BF4B-00C04F79EFBC}") = "02_ArrayModifier", "02_ArrayModifier\02_ArrayModifier.csproj", "{7A36F3A1-3730-42AF-897F-D441516E0005}"
EndProject
Project("{FAE04EC0-301F-11D3-BF4B-00C04F79EFBC}") = "03_TargetMultiplier", "03_TargetMultiplier\03_TargetMultiplier.csproj", "{72EE4D4D-5AC7-4275-94F1-C75B18AE9D10}"
EndProject
Project("{FAE04EC0-301F-11D3-BF4B-00C04F79EFBC}") = "04_PopulationAggregation", "04_PopulationAggregation\04_PopulationAggregation.csproj", "{5E22EE52-8C82-4126-8336-43158DB87B15}"
EndProject
Global
	GlobalSection(SolutionConfigurationPlatforms) = preSolution
		Debug|Any CPU = Debug|Any CPU
		Release|Any CPU = Release|Any CPU
	EndGlobalSection
	GlobalSection(ProjectConfigurationPlatforms) = postSolution
		{7A36F3A1-3730-42AF-897F-D441516E0005}.Debug|Any CPU.ActiveCfg = Debug|Any CPU
		{7A36F3A1-3730-42AF-897F-D441516E0005}.Debug|Any CPU.Build.0 = Debug|Any CPU
		{7A36F3A1-3730-42AF-897F-D441516E0005}.Release|Any CPU.ActiveCfg = Release|Any CPU
		{7A36F3A1-3730-42AF-897F-D441516E0005}.Release|Any CPU.Build.0 = Release|Any CPU
		{72EE4D4D-5AC7-4275-94F1-C75B18AE9D10}.Debug|Any CPU.ActiveCfg = Debug|Any CPU
		{72EE4D4D-5AC7-4275-94F1-C75B18AE9D10}.Debug|Any CPU.Build.0 = Debug|Any CPU
		{72EE4D4D-5AC7-4275-94F1-C75B18AE9D10}.Release|Any CPU.ActiveCfg = Release|Any CPU
		{72EE4D4D-5AC7-4275-94F1-C75B18AE9D10}.Release|Any CPU.Build.0 = Release|Any CPU
		{5E22EE52-8C82-4126-8336-43158DB87B15}.Debug|Any CPU.ActiveCfg = Debug|Any CPU
		{5E22EE52-8C82-4126-8336-43158DB87B15}.Debug|Any CPU.Build.0 = Debug|Any CPU
		{5E22EE52-8C82-4126-8336-43158DB87B15}.Release|Any CPU.ActiveCfg = Release|Any CPU
		{5E22EE52-8C82-4126-8336-43158DB87B15}.Release|Any CPU.Build.0 = Release|Any CPU
	EndGlobalSection
	GlobalSection(SolutionProperties) = preSolution
		HideSolutionNode = FALSE
	EndGlobalSection
EndGlobal
