
Microsoft Visual Studio Solution File, Format Version 12.00
# Visual Studio 2013
VisualStudioVersion = 12.0.21005.1
MinimumVisualStudioVersion = 10.0.40219.1
Project("{FAE04EC0-301F-11D3-BF4B-00C04F79EFBC}") = "01_CharityMarathon", "01_CharityMarathon\01_CharityMarathon.csproj", "{2C795611-C540-4445-BAD5-A7E143FB8481}"
EndProject
Project("{FAE04EC0-301F-11D3-BF4B-00C04F79EFBC}") = "02_Ladybugs", "02_Ladybugs\02_Ladybugs.csproj", "{01AFBBD8-90E2-48E8-BA91-F4F6C2D17B50}"
EndProject
Project("{FAE04EC0-301F-11D3-BF4B-00C04F79EFBC}") = "03_NetherRealms", "03_NetherRealms\03_NetherRealms.csproj", "{3EBC43AC-9DF0-426D-8094-8802429201D5}"
EndProject
Project("{FAE04EC0-301F-11D3-BF4B-00C04F79EFBC}") = "04_RoliTheCoder", "04_RoliTheCoder\04_RoliTheCoder.csproj", "{9E791C5E-5705-4B61-80E0-B5AFC74C3C78}"
EndProject
Global
	GlobalSection(SolutionConfigurationPlatforms) = preSolution
		Debug|Any CPU = Debug|Any CPU
		Release|Any CPU = Release|Any CPU
	EndGlobalSection
	GlobalSection(ProjectConfigurationPlatforms) = postSolution
		{2C795611-C540-4445-BAD5-A7E143FB8481}.Debug|Any CPU.ActiveCfg = Debug|Any CPU
		{2C795611-C540-4445-BAD5-A7E143FB8481}.Debug|Any CPU.Build.0 = Debug|Any CPU
		{2C795611-C540-4445-BAD5-A7E143FB8481}.Release|Any CPU.ActiveCfg = Release|Any CPU
		{2C795611-C540-4445-BAD5-A7E143FB8481}.Release|Any CPU.Build.0 = Release|Any CPU
		{01AFBBD8-90E2-48E8-BA91-F4F6C2D17B50}.Debug|Any CPU.ActiveCfg = Debug|Any CPU
		{01AFBBD8-90E2-48E8-BA91-F4F6C2D17B50}.Debug|Any CPU.Build.0 = Debug|Any CPU
		{01AFBBD8-90E2-48E8-BA91-F4F6C2D17B50}.Release|Any CPU.ActiveCfg = Release|Any CPU
		{01AFBBD8-90E2-48E8-BA91-F4F6C2D17B50}.Release|Any CPU.Build.0 = Release|Any CPU
		{3EBC43AC-9DF0-426D-8094-8802429201D5}.Debug|Any CPU.ActiveCfg = Debug|Any CPU
		{3EBC43AC-9DF0-426D-8094-8802429201D5}.Debug|Any CPU.Build.0 = Debug|Any CPU
		{3EBC43AC-9DF0-426D-8094-8802429201D5}.Release|Any CPU.ActiveCfg = Release|Any CPU
		{3EBC43AC-9DF0-426D-8094-8802429201D5}.Release|Any CPU.Build.0 = Release|Any CPU
		{9E791C5E-5705-4B61-80E0-B5AFC74C3C78}.Debug|Any CPU.ActiveCfg = Debug|Any CPU
		{9E791C5E-5705-4B61-80E0-B5AFC74C3C78}.Debug|Any CPU.Build.0 = Debug|Any CPU
		{9E791C5E-5705-4B61-80E0-B5AFC74C3C78}.Release|Any CPU.ActiveCfg = Release|Any CPU
		{9E791C5E-5705-4B61-80E0-B5AFC74C3C78}.Release|Any CPU.Build.0 = Release|Any CPU
	EndGlobalSection
	GlobalSection(SolutionProperties) = preSolution
		HideSolutionNode = FALSE
	EndGlobalSection
EndGlobal
